
Microsoft Visual Studio Solution File, Format Version 12.00
# Visual Studio Version 16
VisualStudioVersion = 16.0.30717.126
MinimumVisualStudioVersion = 10.0.40219.1
Project("{9A19103F-16F7-4668-BE54-9A1E7A4F7556}") = "Kurukuru", "Kurukuru\Kurukuru.csproj", "{43150AB2-3041-4EC2-B17D-B8F6D3913561}"
EndProject
Project("{2150E333-8FDC-42A3-9474-1A3956D46DE8}") = "Solution Items", "Solution Items", "{4365060D-27F7-4C03-B63E-AD8AFD895ADF}"
	ProjectSection(SolutionItems) = preProject
		Directory.Build.props = Directory.Build.props
		README.md = README.md
		UpdatePatterns.js = UpdatePatterns.js
	EndProjectSection
EndProject
Project("{2150E333-8FDC-42A3-9474-1A3956D46DE8}") = "GitHub Actions", "GitHub Actions", "{FC83AC91-80D8-4847-A69D-887138048F2A}"
	ProjectSection(SolutionItems) = preProject
		.github\workflows\build.yaml = .github\workflows\build.yaml
		.github\workflows\release.yml = .github\workflows\release.yml
	EndProjectSection
EndProject
Project("{FAE04EC0-301F-11D3-BF4B-00C04F79EFBC}") = "Kurukuru.Sample", "Kurukuru.Sample\Kurukuru.Sample.csproj", "{6ECE0EE4-88FC-4968-801F-FAFD4BCDE882}"
EndProject
Global
	GlobalSection(SolutionConfigurationPlatforms) = preSolution
		Debug|Any CPU = Debug|Any CPU
		Release|Any CPU = Release|Any CPU
	EndGlobalSection
	GlobalSection(ProjectConfigurationPlatforms) = postSolution
		{43150AB2-3041-4EC2-B17D-B8F6D3913561}.Debug|Any CPU.ActiveCfg = Debug|Any CPU
		{43150AB2-3041-4EC2-B17D-B8F6D3913561}.Debug|Any CPU.Build.0 = Debug|Any CPU
		{43150AB2-3041-4EC2-B17D-B8F6D3913561}.Release|Any CPU.ActiveCfg = Release|Any CPU
		{43150AB2-3041-4EC2-B17D-B8F6D3913561}.Release|Any CPU.Build.0 = Release|Any CPU
		{6ECE0EE4-88FC-4968-801F-FAFD4BCDE882}.Debug|Any CPU.ActiveCfg = Debug|Any CPU
		{6ECE0EE4-88FC-4968-801F-FAFD4BCDE882}.Debug|Any CPU.Build.0 = Debug|Any CPU
		{6ECE0EE4-88FC-4968-801F-FAFD4BCDE882}.Release|Any CPU.ActiveCfg = Release|Any CPU
		{6ECE0EE4-88FC-4968-801F-FAFD4BCDE882}.Release|Any CPU.Build.0 = Release|Any CPU
	EndGlobalSection
	GlobalSection(SolutionProperties) = preSolution
		HideSolutionNode = FALSE
	EndGlobalSection
	GlobalSection(NestedProjects) = preSolution
		{FC83AC91-80D8-4847-A69D-887138048F2A} = {4365060D-27F7-4C03-B63E-AD8AFD895ADF}
	EndGlobalSection
	GlobalSection(ExtensibilityGlobals) = postSolution
		SolutionGuid = {63674865-E513-4380-8052-581E116423F0}
	EndGlobalSection
EndGlobal
