
Microsoft Visual Studio Solution File, Format Version 12.00
# Visual Studio 15
VisualStudioVersion = 15.0.27004.2009
MinimumVisualStudioVersion = 10.0.40219.1
Project("{FAE04EC0-301F-11D3-BF4B-00C04F79EFBC}") = "Kurukuru", "Kurukuru\Kurukuru.csproj", "{43150AB2-3041-4EC2-B17D-B8F6D3913561}"
EndProject
Global
	GlobalSection(SolutionConfigurationPlatforms) = preSolution
		Debug|Any CPU = Debug|Any CPU
		Release|Any CPU = Release|Any CPU
	EndGlobalSection
	GlobalSection(ProjectConfigurationPlatforms) = postSolution
		{43150AB2-3041-4EC2-B17D-B8F6D3913561}.Debug|Any CPU.ActiveCfg = Debug|Any CPU
		{43150AB2-3041-4EC2-B17D-B8F6D3913561}.Debug|Any CPU.Build.0 = Debug|Any CPU
		{43150AB2-3041-4EC2-B17D-B8F6D3913561}.Release|Any CPU.ActiveCfg = Release|Any CPU
		{43150AB2-3041-4EC2-B17D-B8F6D3913561}.Release|Any CPU.Build.0 = Release|Any CPU
	EndGlobalSection
	GlobalSection(SolutionProperties) = preSolution
		HideSolutionNode = FALSE
	EndGlobalSection
	GlobalSection(ExtensibilityGlobals) = postSolution
		SolutionGuid = {63674865-E513-4380-8052-581E116423F0}
	EndGlobalSection
EndGlobal
